{
  "originHash" : "89a28398b956fd1f6a2dedc13efdf6df48346d507b5444ae91b49dc22c678021",
  "pins" : [
    {
      "identity" : "alamofire",
      "kind" : "remoteSourceControl",
      "location" : "https://github.com/Alamofire/Alamofire.git",
      "state" : {
        "revision" : "3f99050e75bbc6fe71fc323adabb039756680016",
        "version" : "5.11.1"
      }
    },
    {
      "identity" : "suicore",
      "kind" : "remoteSourceControl",
      "location" : "https://github.com/hariharan-rs-19343/SUICore.git",
      "state" : {
        "branch" : "main",
        "revision" : "f12901b63a0d90d6e5bcbceb75aca027a4c16f9b"
      }
    },
    {
      "identity" : "zip",
      "kind" : "remoteSourceControl",
      "location" : "https://github.com/marmelroy/Zip.git",
      "state" : {
        "revision" : "67fa55813b9e7b3b9acee9c0ae501def28746d76",
        "version" : "2.1.2"
      }
    }
  ],
  "version" : 3
}
